
Microsoft Visual Studio Solution File, Format Version 12.00
# Visual Studio Version 17
VisualStudioVersion = 17.0.31903.59
MinimumVisualStudioVersion = 10.0.40219.1
Project("{FAE04EC0-301F-11D3-BF4B-00C04F79EFBC}") = "SampleNuGet", "SampleNuGet\SampleNuGet.csproj", "{95FE42F1-3507-46FF-ABFC-C833D845108C}"
EndProject
Project("{FAE04EC0-301F-11D3-BF4B-00C04F79EFBC}") = "SampleNuGet.Tests", "SampleNuGet.Tests\SampleNuGet.Tests.csproj", "{1B1CCDC8-5394-4DCF-8C24-1E33BCBFCD3E}"
EndProject
Project("{FAE04EC0-301F-11D3-BF4B-00C04F79EFBC}") = "CustomSerializer", "CustomSerializer\CustomSerializer.csproj", "{F5D557E8-9F86-4A0B-87A5-602086EB9CA9}"
EndProject
Global
	GlobalSection(SolutionConfigurationPlatforms) = preSolution
		Debug|Any CPU = Debug|Any CPU
		Release|Any CPU = Release|Any CPU
	EndGlobalSection
	GlobalSection(SolutionProperties) = preSolution
		HideSolutionNode = FALSE
	EndGlobalSection
	GlobalSection(ProjectConfigurationPlatforms) = postSolution
		{95FE42F1-3507-46FF-ABFC-C833D845108C}.Debug|Any CPU.ActiveCfg = Debug|Any CPU
		{95FE42F1-3507-46FF-ABFC-C833D845108C}.Debug|Any CPU.Build.0 = Debug|Any CPU
		{95FE42F1-3507-46FF-ABFC-C833D845108C}.Release|Any CPU.ActiveCfg = Release|Any CPU
		{95FE42F1-3507-46FF-ABFC-C833D845108C}.Release|Any CPU.Build.0 = Release|Any CPU
		{1B1CCDC8-5394-4DCF-8C24-1E33BCBFCD3E}.Debug|Any CPU.ActiveCfg = Debug|Any CPU
		{1B1CCDC8-5394-4DCF-8C24-1E33BCBFCD3E}.Debug|Any CPU.Build.0 = Debug|Any CPU
		{1B1CCDC8-5394-4DCF-8C24-1E33BCBFCD3E}.Release|Any CPU.ActiveCfg = Release|Any CPU
		{1B1CCDC8-5394-4DCF-8C24-1E33BCBFCD3E}.Release|Any CPU.Build.0 = Release|Any CPU
		{F5D557E8-9F86-4A0B-87A5-602086EB9CA9}.Debug|Any CPU.ActiveCfg = Debug|Any CPU
		{F5D557E8-9F86-4A0B-87A5-602086EB9CA9}.Debug|Any CPU.Build.0 = Debug|Any CPU
		{F5D557E8-9F86-4A0B-87A5-602086EB9CA9}.Release|Any CPU.ActiveCfg = Release|Any CPU
		{F5D557E8-9F86-4A0B-87A5-602086EB9CA9}.Release|Any CPU.Build.0 = Release|Any CPU
	EndGlobalSection
EndGlobal
